// !$*UTF8*$!
{
	archiveVersion = 1;
	classes = {
	};
	objectVersion = 56;
	objects = {

/* Begin PBXBuildFile section */
		A81CD4872AB14EAA0005374E /* SustainabilityTrackerApp.swift in Sources */ = {isa = PBXBuildFile; fileRef = A81CD4862AB14EAA0005374E /* SustainabilityTrackerApp.swift */; };
		A81CD4892AB14EAA0005374E /* ContentView.swift in Sources */ = {isa = PBXBuildFile; fileRef = A81CD4882AB14EAA0005374E /* ContentView.swift */; };
		A81CD48B2AB14EAC0005374E /* Assets.xcassets in Resources */ = {isa = PBXBuildFile; fileRef = A81CD48A2AB14EAC0005374E /* Assets.xcassets */; };
		A81CD48E2AB14EAC0005374E /* Preview Assets.xcassets in Resources */ = {isa = PBXBuildFile; fileRef = A81CD48D2AB14EAC0005374E /* Preview Assets.xcassets */; };
		A81CD4972AB14F640005374E /* CreateAccount.swift in Sources */ = {isa = PBXBuildFile; fileRef = A81CD4962AB14F640005374E /* CreateAccount.swift */; };
		A81CD4992AB14FAA0005374E /* LogIn.swift in Sources */ = {isa = PBXBuildFile; fileRef = A81CD4982AB14FAA0005374E /* LogIn.swift */; };
		A81CD49B2AB158690005374E /* IntakeForm.swift in Sources */ = {isa = PBXBuildFile; fileRef = A81CD49A2AB158690005374E /* IntakeForm.swift */; };
		A81CD49D2AB15EBC0005374E /* Dashboard.swift in Sources */ = {isa = PBXBuildFile; fileRef = A81CD49C2AB15EBC0005374E /* Dashboard.swift */; };
/* End PBXBuildFile section */

/* Begin PBXFileReference section */
		A81CD4832AB14EAA0005374E /* SustainabilityTracker.app */ = {isa = PBXFileReference; explicitFileType = wrapper.application; includeInIndex = 0; path = SustainabilityTracker.app; sourceTree = BUILT_PRODUCTS_DIR; };
		A81CD4862AB14EAA0005374E /* SustainabilityTrackerApp.swift */ = {isa = PBXFileReference; lastKnownFileType = sourcecode.swift; path = SustainabilityTrackerApp.swift; sourceTree = "<group>"; };
		A81CD4882AB14EAA0005374E /* ContentView.swift */ = {isa = PBXFileReference; lastKnownFileType = sourcecode.swift; path = ContentView.swift; sourceTree = "<group>"; };
		A81CD48A2AB14EAC0005374E /* Assets.xcassets */ = {isa = PBXFileReference; lastKnownFileType = folder.assetcatalog; path = Assets.xcassets; sourceTree = "<group>"; };
		A81CD48D2AB14EAC0005374E /* Preview Assets.xcassets */ = {isa = PBXFileReference; lastKnownFileType = folder.assetcatalog; path = "Preview Assets.xcassets"; sourceTree = "<group>"; };
		A81CD4962AB14F640005374E /* CreateAccount.swift */ = {isa = PBXFileReference; lastKnownFileType = sourcecode.swift; path = CreateAccount.swift; sourceTree = "<group>"; };
		A81CD4982AB14FAA0005374E /* LogIn.swift */ = {isa = PBXFileReference; lastKnownFileType = sourcecode.swift; path = LogIn.swift; sourceTree = "<group>"; };
		A81CD49A2AB158690005374E /* IntakeForm.swift */ = {isa = PBXFileReference; lastKnownFileType = sourcecode.swift; path = IntakeForm.swift; sourceTree = "<group>"; };
		A81CD49C2AB15EBC0005374E /* Dashboard.swift */ = {isa = PBXFileReference; lastKnownFileType = sourcecode.swift; path = Dashboard.swift; sourceTree = "<group>"; };
/* End PBXFileReference section */

/* Begin PBXFrameworksBuildPhase section */
		A81CD4802AB14EAA0005374E /* Frameworks */ = {
			isa = PBXFrameworksBuildPhase;
			buildActionMask = 2147483647;
			files = (
			);
			runOnlyForDeploymentPostprocessing = 0;
		};
/* End PBXFrameworksBuildPhase section */

/* Begin PBXGroup section */
		A81CD47A2AB14EAA0005374E = {
			isa = PBXGroup;
			children = (
				A81CD4852AB14EAA0005374E /* SustainabilityTracker */,
				A81CD4842AB14EAA0005374E /* Products */,
			);
			sourceTree = "<group>";
		};
		A81CD4842AB14EAA0005374E /* Products */ = {
			isa = PBXGroup;
			children = (
				A81CD4832AB14EAA0005374E /* SustainabilityTracker.app */,
			);
			name = Products;
			sourceTree = "<group>";
		};
		A81CD4852AB14EAA0005374E /* SustainabilityTracker */ = {
			isa = PBXGroup;
			children = (
				A81CD4862AB14EAA0005374E /* SustainabilityTrackerApp.swift */,
				A81CD4882AB14EAA0005374E /* ContentView.swift */,
				A81CD49A2AB158690005374E /* IntakeForm.swift */,
				A81CD49C2AB15EBC0005374E /* Dashboard.swift */,
				A81CD4962AB14F640005374E /* CreateAccount.swift */,
				A81CD4982AB14FAA0005374E /* LogIn.swift */,
				A81CD48A2AB14EAC0005374E /* Assets.xcassets */,
				A81CD48C2AB14EAC0005374E /* Preview Content */,
			);
			path = SustainabilityTracker;
			sourceTree = "<group>";
		};
		A81CD48C2AB14EAC0005374E /* Preview Content */ = {
			isa = PBXGroup;
			children = (
				A81CD48D2AB14EAC0005374E /* Preview Assets.xcassets */,
			);
			path = "Preview Content";
			sourceTree = "<group>";
		};
/* End PBXGroup section */

/* Begin PBXNativeTarget section */
		A81CD4822AB14EAA0005374E /* SustainabilityTracker */ = {
			isa = PBXNativeTarget;
			buildConfigurationList = A81CD4912AB14EAC0005374E /* Build configuration list for PBXNativeTarget "SustainabilityTracker" */;
			buildPhases = (
				A81CD47F2AB14EAA0005374E /* Sources */,
				A81CD4802AB14EAA0005374E /* Frameworks */,
				A81CD4812AB14EAA0005374E /* Resources */,
			);
			buildRules = (
			);
			dependencies = (
			);
			name = SustainabilityTracker;
			productName = SustainabilityTracker;
			productReference = A81CD4832AB14EAA0005374E /* SustainabilityTracker.app */;
			productType = "com.apple.product-type.application";
		};
/* End PBXNativeTarget section */

/* Begin PBXProject section */
		A81CD47B2AB14EAA0005374E /* Project object */ = {
			isa = PBXProject;
			attributes = {
				BuildIndependentTargetsInParallel = 1;
				LastSwiftUpdateCheck = 1430;
				LastUpgradeCheck = 1430;
				TargetAttributes = {
					A81CD4822AB14EAA0005374E = {
						CreatedOnToolsVersion = 14.3.1;
					};
				};
			};
			buildConfigurationList = A81CD47E2AB14EAA0005374E /* Build configuration list for PBXProject "SustainabilityTracker" */;
			compatibilityVersion = "Xcode 14.0";
			developmentRegion = en;
			hasScannedForEncodings = 0;
			knownRegions = (
				en,
				Base,
			);
			mainGroup = A81CD47A2AB14EAA0005374E;
			productRefGroup = A81CD4842AB14EAA0005374E /* Products */;
			projectDirPath = "";
			projectRoot = "";
			targets = (
				A81CD4822AB14EAA0005374E /* SustainabilityTracker */,
			);
		};
/* End PBXProject section */

/* Begin PBXResourcesBuildPhase section */
		A81CD4812AB14EAA0005374E /* Resources */ = {
			isa = PBXResourcesBuildPhase;
			buildActionMask = 2147483647;
			files = (
				A81CD48E2AB14EAC0005374E /* Preview Assets.xcassets in Resources */,
				A81CD48B2AB14EAC0005374E /* Assets.xcassets in Resources */,
			);
			runOnlyForDeploymentPostprocessing = 0;
		};
/* End PBXResourcesBuildPhase section */

/* Begin PBXSourcesBuildPhase section */
		A81CD47F2AB14EAA0005374E /* Sources */ = {
			isa = PBXSourcesBuildPhase;
			buildActionMask = 2147483647;
			files = (
				A81CD4892AB14EAA0005374E /* ContentView.swift in Sources */,
				A81CD4972AB14F640005374E /* CreateAccount.swift in Sources */,
				A81CD4872AB14EAA0005374E /* SustainabilityTrackerApp.swift in Sources */,
				A81CD4992AB14FAA0005374E /* LogIn.swift in Sources */,
				A81CD49D2AB15EBC0005374E /* Dashboard.swift in Sources */,
				A81CD49B2AB158690005374E /* IntakeForm.swift in Sources */,
			);
			runOnlyForDeploymentPostprocessing = 0;
		};
/* End PBXSourcesBuildPhase section */

/* Begin XCBuildConfiguration section */
		A81CD48F2AB14EAC0005374E /* Debug */ = {
			isa = XCBuildConfiguration;
			buildSettings = {
				ALWAYS_SEARCH_USER_PATHS = NO;
				CLANG_ANALYZER_NONNULL = YES;
				CLANG_ANALYZER_NUMBER_OBJECT_CONVERSION = YES_AGGRESSIVE;
				CLANG_CXX_LANGUAGE_STANDARD = "gnu++20";
				CLANG_ENABLE_MODULES = YES;
				CLANG_ENABLE_OBJC_ARC = YES;
				CLANG_ENABLE_OBJC_WEAK = YES;
				CLANG_WARN_BLOCK_CAPTURE_AUTORELEASING = YES;
				CLANG_WARN_BOOL_CONVERSION = YES;
				CLANG_WARN_COMMA = YES;
				CLANG_WARN_CONSTANT_CONVERSION = YES;
				CLANG_WARN_DEPRECATED_OBJC_IMPLEMENTATIONS = YES;
				CLANG_WARN_DIRECT_OBJC_ISA_USAGE = YES_ERROR;
				CLANG_WARN_DOCUMENTATION_COMMENTS = YES;
				CLANG_WARN_EMPTY_BODY = YES;
				CLANG_WARN_ENUM_CONVERSION = YES;
				CLANG_WARN_INFINITE_RECURSION = YES;
				CLANG_WARN_INT_CONVERSION = YES;
				CLANG_WARN_NON_LITERAL_NULL_CONVERSION = YES;
				CLANG_WARN_OBJC_IMPLICIT_RETAIN_SELF = YES;
				CLANG_WARN_OBJC_LITERAL_CONVERSION = YES;
				CLANG_WARN_OBJC_ROOT_CLASS = YES_ERROR;
				CLANG_WARN_QUOTED_INCLUDE_IN_FRAMEWORK_HEADER = YES;
				CLANG_WARN_RANGE_LOOP_ANALYSIS = YES;
				CLANG_WARN_STRICT_PROTOTYPES = YES;
				CLANG_WARN_SUSPICIOUS_MOVE = YES;
				CLANG_WARN_UNGUARDED_AVAILABILITY = YES_AGGRESSIVE;
				CLANG_WARN_UNREACHABLE_CODE = YES;
				CLANG_WARN__DUPLICATE_METHOD_MATCH = YES;
				COPY_PHASE_STRIP = NO;
				DEBUG_INFORMATION_FORMAT = dwarf;
				ENABLE_STRICT_OBJC_MSGSEND = YES;
				ENABLE_TESTABILITY = YES;
				GCC_C_LANGUAGE_STANDARD = gnu11;
				GCC_DYNAMIC_NO_PIC = NO;
				GCC_NO_COMMON_BLOCKS = YES;
				GCC_OPTIMIZATION_LEVEL = 0;
				GCC_PREPROCESSOR_DEFINITIONS = (
					"DEBUG=1",
					"$(inherited)",
				);
				GCC_WARN_64_TO_32_BIT_CONVERSION = YES;
				GCC_WARN_ABOUT_RETURN_TYPE = YES_ERROR;
				GCC_WARN_UNDECLARED_SELECTOR = YES;
				GCC_WARN_UNINITIALIZED_AUTOS = YES_AGGRESSIVE;
				GCC_WARN_UNUSED_FUNCTION = YES;
				GCC_WARN_UNUSED_VARIABLE = YES;
				IPHONEOS_DEPLOYMENT_TARGET = 16.4;
				MTL_ENABLE_DEBUG_INFO = INCLUDE_SOURCE;
				MTL_FAST_MATH = YES;
				ONLY_ACTIVE_ARCH = YES;
				SDKROOT = iphoneos;
				SWIFT_ACTIVE_COMPILATION_CONDITIONS = DEBUG;
				SWIFT_OPTIMIZATION_LEVEL = "-Onone";
			};
			name = Debug;
		};
		A81CD4902AB14EAC0005374E /* Release */ = {
			isa = XCBuildConfiguration;
			buildSettings = {
				ALWAYS_SEARCH_USER_PATHS = NO;
				CLANG_ANALYZER_NONNULL = YES;
				CLANG_ANALYZER_NUMBER_OBJECT_CONVERSION = YES_AGGRESSIVE;
				CLANG_CXX_LANGUAGE_STANDARD = "gnu++20";
				CLANG_ENABLE_MODULES = YES;
				CLANG_ENABLE_OBJC_ARC = YES;
				CLANG_ENABLE_OBJC_WEAK = YES;
				CLANG_WARN_BLOCK_CAPTURE_AUTORELEASING = YES;
				CLANG_WARN_BOOL_CONVERSION = YES;
				CLANG_WARN_COMMA = YES;
				CLANG_WARN_CONSTANT_CONVERSION = YES;
				CLANG_WARN_DEPRECATED_OBJC_IMPLEMENTATIONS = YES;
				CLANG_WARN_DIRECT_OBJC_ISA_USAGE = YES_ERROR;
				CLANG_WARN_DOCUMENTATION_COMMENTS = YES;
				CLANG_WARN_EMPTY_BODY = YES;
				CLANG_WARN_ENUM_CONVERSION = YES;
				CLANG_WARN_INFINITE_RECURSION = YES;
				CLANG_WARN_INT_CONVERSION = YES;
				CLANG_WARN_NON_LITERAL_NULL_CONVERSION = YES;
				CLANG_WARN_OBJC_IMPLICIT_RETAIN_SELF = YES;
				CLANG_WARN_OBJC_LITERAL_CONVERSION = YES;
				CLANG_WARN_OBJC_ROOT_CLASS = YES_ERROR;
				CLANG_WARN_QUOTED_INCLUDE_IN_FRAMEWORK_HEADER = YES;
				CLANG_WARN_RANGE_LOOP_ANALYSIS = YES;
				CLANG_WARN_STRICT_PROTOTYPES = YES;
				CLANG_WARN_SUSPICIOUS_MOVE = YES;
				CLANG_WARN_UNGUARDED_AVAILABILITY = YES_AGGRESSIVE;
				CLANG_WARN_UNREACHABLE_CODE = YES;
				CLANG_WARN__DUPLICATE_METHOD_MATCH = YES;
				COPY_PHASE_STRIP = NO;
				DEBUG_INFORMATION_FORMAT = "dwarf-with-dsym";
				ENABLE_NS_ASSERTIONS = NO;
				ENABLE_STRICT_OBJC_MSGSEND = YES;
				GCC_C_LANGUAGE_STANDARD = gnu11;
				GCC_NO_COMMON_BLOCKS = YES;
				GCC_WARN_64_TO_32_BIT_CONVERSION = YES;
				GCC_WARN_ABOUT_RETURN_TYPE = YES_ERROR;
				GCC_WARN_UNDECLARED_SELECTOR = YES;
				GCC_WARN_UNINITIALIZED_AUTOS = YES_AGGRESSIVE;
				GCC_WARN_UNUSED_FUNCTION = YES;
				GCC_WARN_UNUSED_VARIABLE = YES;
				IPHONEOS_DEPLOYMENT_TARGET = 16.4;
				MTL_ENABLE_DEBUG_INFO = NO;
				MTL_FAST_MATH = YES;
				SDKROOT = iphoneos;
				SWIFT_COMPILATION_MODE = wholemodule;
				SWIFT_OPTIMIZATION_LEVEL = "-O";
				VALIDATE_PRODUCT = YES;
			};
			name = Release;
		};
		A81CD4922AB14EAC0005374E /* Debug */ = {
			isa = XCBuildConfiguration;
			buildSettings = {
				ASSETCATALOG_COMPILER_APPICON_NAME = AppIcon;
				ASSETCATALOG_COMPILER_GLOBAL_ACCENT_COLOR_NAME = AccentColor;
				CODE_SIGN_STYLE = Automatic;
				CURRENT_PROJECT_VERSION = 1;
				DEVELOPMENT_ASSET_PATHS = "\"SustainabilityTracker/Preview Content\"";
				DEVELOPMENT_TEAM = PH9GVD6772;
				ENABLE_PREVIEWS = YES;
				GENERATE_INFOPLIST_FILE = YES;
				INFOPLIST_KEY_UIApplicationSceneManifest_Generation = YES;
				INFOPLIST_KEY_UIApplicationSupportsIndirectInputEvents = YES;
				INFOPLIST_KEY_UILaunchScreen_Generation = YES;
				INFOPLIST_KEY_UISupportedInterfaceOrientations_iPad = "UIInterfaceOrientationPortrait UIInterfaceOrientationPortraitUpsideDown UIInterfaceOrientationLandscapeLeft UIInterfaceOrientationLandscapeRight";
				INFOPLIST_KEY_UISupportedInterfaceOrientations_iPhone = "UIInterfaceOrientationPortrait UIInterfaceOrientationLandscapeLeft UIInterfaceOrientationLandscapeRight";
				LD_RUNPATH_SEARCH_PATHS = (
					"$(inherited)",
					"@executable_path/Frameworks",
				);
				MARKETING_VERSION = 1.0;
				PRODUCT_BUNDLE_IDENTIFIER = com.LasyaK.SustainabilityTracker;
				PRODUCT_NAME = "$(TARGET_NAME)";
				SWIFT_EMIT_LOC_STRINGS = YES;
				SWIFT_VERSION = 5.0;
				TARGETED_DEVICE_FAMILY = "1,2";
			};
			name = Debug;
		};
		A81CD4932AB14EAC0005374E /* Release */ = {
			isa = XCBuildConfiguration;
			buildSettings = {
				ASSETCATALOG_COMPILER_APPICON_NAME = AppIcon;
				ASSETCATALOG_COMPILER_GLOBAL_ACCENT_COLOR_NAME = AccentColor;
				CODE_SIGN_STYLE = Automatic;
				CURRENT_PROJECT_VERSION = 1;
				DEVELOPMENT_ASSET_PATHS = "\"SustainabilityTracker/Preview Content\"";
				DEVELOPMENT_TEAM = PH9GVD6772;
				ENABLE_PREVIEWS = YES;
				GENERATE_INFOPLIST_FILE = YES;
				INFOPLIST_KEY_UIApplicationSceneManifest_Generation = YES;
				INFOPLIST_KEY_UIApplicationSupportsIndirectInputEvents = YES;
				INFOPLIST_KEY_UILaunchScreen_Generation = YES;
				INFOPLIST_KEY_UISupportedInterfaceOrientations_iPad = "UIInterfaceOrientationPortrait UIInterfaceOrientationPortraitUpsideDown UIInterfaceOrientationLandscapeLeft UIInterfaceOrientationLandscapeRight";
				INFOPLIST_KEY_UISupportedInterfaceOrientations_iPhone = "UIInterfaceOrientationPortrait UIInterfaceOrientationLandscapeLeft UIInterfaceOrientationLandscapeRight";
				LD_RUNPATH_SEARCH_PATHS = (
					"$(inherited)",
					"@executable_path/Frameworks",
				);
				MARKETING_VERSION = 1.0;
				PRODUCT_BUNDLE_IDENTIFIER = com.LasyaK.SustainabilityTracker;
				PRODUCT_NAME = "$(TARGET_NAME)";
				SWIFT_EMIT_LOC_STRINGS = YES;
				SWIFT_VERSION = 5.0;
				TARGETED_DEVICE_FAMILY = "1,2";
			};
			name = Release;
		};
/* End XCBuildConfiguration section */

/* Begin XCConfigurationList section */
		A81CD47E2AB14EAA0005374E /* Build configuration list for PBXProject "SustainabilityTracker" */ = {
			isa = XCConfigurationList;
			buildConfigurations = (
				A81CD48F2AB14EAC0005374E /* Debug */,
				A81CD4902AB14EAC0005374E /* Release */,
			);
			defaultConfigurationIsVisible = 0;
			defaultConfigurationName = Release;
		};
		A81CD4912AB14EAC0005374E /* Build configuration list for PBXNativeTarget "SustainabilityTracker" */ = {
			isa = XCConfigurationList;
			buildConfigurations = (
				A81CD4922AB14EAC0005374E /* Debug */,
				A81CD4932AB14EAC0005374E /* Release */,
			);
			defaultConfigurationIsVisible = 0;
			defaultConfigurationName = Release;
		};
/* End XCConfigurationList section */
	};
	rootObject = A81CD47B2AB14EAA0005374E /* Project object */;
}
